
Microsoft Visual Studio Solution File, Format Version 12.00
# Visual Studio Version 17
VisualStudioVersion = 17.4.33403.182
MinimumVisualStudioVersion = 10.0.40219.1
Project("{FAE04EC0-301F-11D3-BF4B-00C04F79EFBC}") = "GraphicsEditor", "GraphicsEditor\GraphicsEditor.csproj", "{42015B1E-1BEF-4169-ABF5-9AF260827D4F}"
EndProject
Global
	GlobalSection(SolutionConfigurationPlatforms) = preSolution
		Debug|Any CPU = Debug|Any CPU
		Release|Any CPU = Release|Any CPU
	EndGlobalSection
	GlobalSection(ProjectConfigurationPlatforms) = postSolution
		{42015B1E-1BEF-4169-ABF5-9AF260827D4F}.Debug|Any CPU.ActiveCfg = Debug|Any CPU
		{42015B1E-1BEF-4169-ABF5-9AF260827D4F}.Debug|Any CPU.Build.0 = Debug|Any CPU
		{42015B1E-1BEF-4169-ABF5-9AF260827D4F}.Release|Any CPU.ActiveCfg = Release|Any CPU
		{42015B1E-1BEF-4169-ABF5-9AF260827D4F}.Release|Any CPU.Build.0 = Release|Any CPU
	EndGlobalSection
	GlobalSection(SolutionProperties) = preSolution
		HideSolutionNode = FALSE
	EndGlobalSection
	GlobalSection(ExtensibilityGlobals) = postSolution
		SolutionGuid = {A5B9BAA9-EB44-4DA5-BD00-C4ADE33A7126}
	EndGlobalSection
EndGlobal
